// !$*UTF8*$!
{
	archiveVersion = 1;
	classes = {
	};
	objectVersion = 48;
	objects = {

/* Begin PBXBuildFile section */
		AFBDBBB01FE5028500367797 /* AppDelegate.swift in Sources */ = {isa = PBXBuildFile; fileRef = AFBDBBAF1FE5028500367797 /* AppDelegate.swift */; };
		AFBDBBB21FE5028500367797 /* ViewController.swift in Sources */ = {isa = PBXBuildFile; fileRef = AFBDBBB11FE5028500367797 /* ViewController.swift */; };
		AFBDBBB51FE5028500367797 /* Main.storyboard in Resources */ = {isa = PBXBuildFile; fileRef = AFBDBBB31FE5028500367797 /* Main.storyboard */; };
		AFBDBBB71FE5028500367797 /* Assets.xcassets in Resources */ = {isa = PBXBuildFile; fileRef = AFBDBBB61FE5028500367797 /* Assets.xcassets */; };
		AFBDBBBA1FE5028500367797 /* LaunchScreen.storyboard in Resources */ = {isa = PBXBuildFile; fileRef = AFBDBBB81FE5028500367797 /* LaunchScreen.storyboard */; };
		AFBDBBC31FE502FD00367797 /* plus.png in Resources */ = {isa = PBXBuildFile; fileRef = AFBDBBC11FE502FD00367797 /* plus.png */; };
		AFBDBBC41FE502FD00367797 /* minus.png in Resources */ = {isa = PBXBuildFile; fileRef = AFBDBBC21FE502FD00367797 /* minus.png */; };
/* End PBXBuildFile section */

/* Begin PBXFileReference section */
		AFBDBBAC1FE5028500367797 /* CountUp.app */ = {isa = PBXFileReference; explicitFileType = wrapper.application; includeInIndex = 0; path = CountUp.app; sourceTree = BUILT_PRODUCTS_DIR; };
		AFBDBBAF1FE5028500367797 /* AppDelegate.swift */ = {isa = PBXFileReference; lastKnownFileType = sourcecode.swift; path = AppDelegate.swift; sourceTree = "<group>"; };
		AFBDBBB11FE5028500367797 /* ViewController.swift */ = {isa = PBXFileReference; lastKnownFileType = sourcecode.swift; path = ViewController.swift; sourceTree = "<group>"; };
		AFBDBBB41FE5028500367797 /* Base */ = {isa = PBXFileReference; lastKnownFileType = file.storyboard; name = Base; path = Base.lproj/Main.storyboard; sourceTree = "<group>"; };
		AFBDBBB61FE5028500367797 /* Assets.xcassets */ = {isa = PBXFileReference; lastKnownFileType = folder.assetcatalog; path = Assets.xcassets; sourceTree = "<group>"; };
		AFBDBBB91FE5028500367797 /* Base */ = {isa = PBXFileReference; lastKnownFileType = file.storyboard; name = Base; path = Base.lproj/LaunchScreen.storyboard; sourceTree = "<group>"; };
		AFBDBBBB1FE5028500367797 /* Info.plist */ = {isa = PBXFileReference; lastKnownFileType = text.plist.xml; path = Info.plist; sourceTree = "<group>"; };
		AFBDBBC11FE502FD00367797 /* plus.png */ = {isa = PBXFileReference; lastKnownFileType = image.png; path = plus.png; sourceTree = "<group>"; };
		AFBDBBC21FE502FD00367797 /* minus.png */ = {isa = PBXFileReference; lastKnownFileType = image.png; path = minus.png; sourceTree = "<group>"; };
/* End PBXFileReference section */

/* Begin PBXFrameworksBuildPhase section */
		AFBDBBA91FE5028500367797 /* Frameworks */ = {
			isa = PBXFrameworksBuildPhase;
			buildActionMask = 2147483647;
			files = (
			);
			runOnlyForDeploymentPostprocessing = 0;
		};
/* End PBXFrameworksBuildPhase section */

/* Begin PBXGroup section */
		AFBDBBA31FE5028500367797 = {
			isa = PBXGroup;
			children = (
				AFBDBBAE1FE5028500367797 /* CountUp */,
				AFBDBBAD1FE5028500367797 /* Products */,
			);
			sourceTree = "<group>";
		};
		AFBDBBAD1FE5028500367797 /* Products */ = {
			isa = PBXGroup;
			children = (
				AFBDBBAC1FE5028500367797 /* CountUp.app */,
			);
			name = Products;
			sourceTree = "<group>";
		};
		AFBDBBAE1FE5028500367797 /* CountUp */ = {
			isa = PBXGroup;
			children = (
				AFBDBBAF1FE5028500367797 /* AppDelegate.swift */,
				AFBDBBB11FE5028500367797 /* ViewController.swift */,
				AFBDBBB31FE5028500367797 /* Main.storyboard */,
				AFBDBBB61FE5028500367797 /* Assets.xcassets */,
				AFBDBBB81FE5028500367797 /* LaunchScreen.storyboard */,
				AFBDBBBB1FE5028500367797 /* Info.plist */,
				AFBDBBC21FE502FD00367797 /* minus.png */,
				AFBDBBC11FE502FD00367797 /* plus.png */,
			);
			path = CountUp;
			sourceTree = "<group>";
		};
/* End PBXGroup section */

/* Begin PBXNativeTarget section */
		AFBDBBAB1FE5028500367797 /* CountUp */ = {
			isa = PBXNativeTarget;
			buildConfigurationList = AFBDBBBE1FE5028500367797 /* Build configuration list for PBXNativeTarget "CountUp" */;
			buildPhases = (
				AFBDBBA81FE5028500367797 /* Sources */,
				AFBDBBA91FE5028500367797 /* Frameworks */,
				AFBDBBAA1FE5028500367797 /* Resources */,
			);
			buildRules = (
			);
			dependencies = (
			);
			name = CountUp;
			productName = CountUp;
			productReference = AFBDBBAC1FE5028500367797 /* CountUp.app */;
			productType = "com.apple.product-type.application";
		};
/* End PBXNativeTarget section */

/* Begin PBXProject section */
		AFBDBBA41FE5028500367797 /* Project object */ = {
			isa = PBXProject;
			attributes = {
				LastSwiftUpdateCheck = 0920;
				LastUpgradeCheck = 0920;
				ORGANIZATIONNAME = "Hiroki Nakashima";
				TargetAttributes = {
					AFBDBBAB1FE5028500367797 = {
						CreatedOnToolsVersion = 9.2;
						ProvisioningStyle = Automatic;
					};
				};
			};
			buildConfigurationList = AFBDBBA71FE5028500367797 /* Build configuration list for PBXProject "CountUp" */;
			compatibilityVersion = "Xcode 8.0";
			developmentRegion = en;
			hasScannedForEncodings = 0;
			knownRegions = (
				en,
				Base,
			);
			mainGroup = AFBDBBA31FE5028500367797;
			productRefGroup = AFBDBBAD1FE5028500367797 /* Products */;
			projectDirPath = "";
			projectRoot = "";
			targets = (
				AFBDBBAB1FE5028500367797 /* CountUp */,
			);
		};
/* End PBXProject section */

/* Begin PBXResourcesBuildPhase section */
		AFBDBBAA1FE5028500367797 /* Resources */ = {
			isa = PBXResourcesBuildPhase;
			buildActionMask = 2147483647;
			files = (
				AFBDBBBA1FE5028500367797 /* LaunchScreen.storyboard in Resources */,
				AFBDBBB71FE5028500367797 /* Assets.xcassets in Resources */,
				AFBDBBB51FE5028500367797 /* Main.storyboard in Resources */,
				AFBDBBC41FE502FD00367797 /* minus.png in Resources */,
				AFBDBBC31FE502FD00367797 /* plus.png in Resources */,
			);
			runOnlyForDeploymentPostprocessing = 0;
		};
/* End PBXResourcesBuildPhase section */

/* Begin PBXSourcesBuildPhase section */
		AFBDBBA81FE5028500367797 /* Sources */ = {
			isa = PBXSourcesBuildPhase;
			buildActionMask = 2147483647;
			files = (
				AFBDBBB21FE5028500367797 /* ViewController.swift in Sources */,
				AFBDBBB01FE5028500367797 /* AppDelegate.swift in Sources */,
			);
			runOnlyForDeploymentPostprocessing = 0;
		};
/* End PBXSourcesBuildPhase section */

/* Begin PBXVariantGroup section */
		AFBDBBB31FE5028500367797 /* Main.storyboard */ = {
			isa = PBXVariantGroup;
			children = (
				AFBDBBB41FE5028500367797 /* Base */,
			);
			name = Main.storyboard;
			sourceTree = "<group>";
		};
		AFBDBBB81FE5028500367797 /* LaunchScreen.storyboard */ = {
			isa = PBXVariantGroup;
			children = (
				AFBDBBB91FE5028500367797 /* Base */,
			);
			name = LaunchScreen.storyboard;
			sourceTree = "<group>";
		};
/* End PBXVariantGroup section */

/* Begin XCBuildConfiguration section */
		AFBDBBBC1FE5028500367797 /* Debug */ = {
			isa = XCBuildConfiguration;
			buildSettings = {
				ALWAYS_SEARCH_USER_PATHS = NO;
				CLANG_ANALYZER_NONNULL = YES;
				CLANG_ANALYZER_NUMBER_OBJECT_CONVERSION = YES_AGGRESSIVE;
				CLANG_CXX_LANGUAGE_STANDARD = "gnu++14";
				CLANG_CXX_LIBRARY = "libc++";
				CLANG_ENABLE_MODULES = YES;
				CLANG_ENABLE_OBJC_ARC = YES;
				CLANG_WARN_BLOCK_CAPTURE_AUTORELEASING = YES;
				CLANG_WARN_BOOL_CONVERSION = YES;
				CLANG_WARN_COMMA = YES;
				CLANG_WARN_CONSTANT_CONVERSION = YES;
				CLANG_WARN_DIRECT_OBJC_ISA_USAGE = YES_ERROR;
				CLANG_WARN_DOCUMENTATION_COMMENTS = YES;
				CLANG_WARN_EMPTY_BODY = YES;
				CLANG_WARN_ENUM_CONVERSION = YES;
				CLANG_WARN_INFINITE_RECURSION = YES;
				CLANG_WARN_INT_CONVERSION = YES;
				CLANG_WARN_NON_LITERAL_NULL_CONVERSION = YES;
				CLANG_WARN_OBJC_LITERAL_CONVERSION = YES;
				CLANG_WARN_OBJC_ROOT_CLASS = YES_ERROR;
				CLANG_WARN_RANGE_LOOP_ANALYSIS = YES;
				CLANG_WARN_STRICT_PROTOTYPES = YES;
				CLANG_WARN_SUSPICIOUS_MOVE = YES;
				CLANG_WARN_UNGUARDED_AVAILABILITY = YES_AGGRESSIVE;
				CLANG_WARN_UNREACHABLE_CODE = YES;
				CLANG_WARN__DUPLICATE_METHOD_MATCH = YES;
				CODE_SIGN_IDENTITY = "iPhone Developer";
				COPY_PHASE_STRIP = NO;
				DEBUG_INFORMATION_FORMAT = dwarf;
				ENABLE_STRICT_OBJC_MSGSEND = YES;
				ENABLE_TESTABILITY = YES;
				GCC_C_LANGUAGE_STANDARD = gnu11;
				GCC_DYNAMIC_NO_PIC = NO;
				GCC_NO_COMMON_BLOCKS = YES;
				GCC_OPTIMIZATION_LEVEL = 0;
				GCC_PREPROCESSOR_DEFINITIONS = (
					"DEBUG=1",
					"$(inherited)",
				);
				GCC_WARN_64_TO_32_BIT_CONVERSION = YES;
				GCC_WARN_ABOUT_RETURN_TYPE = YES_ERROR;
				GCC_WARN_UNDECLARED_SELECTOR = YES;
				GCC_WARN_UNINITIALIZED_AUTOS = YES_AGGRESSIVE;
				GCC_WARN_UNUSED_FUNCTION = YES;
				GCC_WARN_UNUSED_VARIABLE = YES;
				IPHONEOS_DEPLOYMENT_TARGET = 11.2;
				MTL_ENABLE_DEBUG_INFO = YES;
				ONLY_ACTIVE_ARCH = YES;
				SDKROOT = iphoneos;
				SWIFT_ACTIVE_COMPILATION_CONDITIONS = DEBUG;
				SWIFT_OPTIMIZATION_LEVEL = "-Onone";
			};
			name = Debug;
		};
		AFBDBBBD1FE5028500367797 /* Release */ = {
			isa = XCBuildConfiguration;
			buildSettings = {
				ALWAYS_SEARCH_USER_PATHS = NO;
				CLANG_ANALYZER_NONNULL = YES;
				CLANG_ANALYZER_NUMBER_OBJECT_CONVERSION = YES_AGGRESSIVE;
				CLANG_CXX_LANGUAGE_STANDARD = "gnu++14";
				CLANG_CXX_LIBRARY = "libc++";
				CLANG_ENABLE_MODULES = YES;
				CLANG_ENABLE_OBJC_ARC = YES;
				CLANG_WARN_BLOCK_CAPTURE_AUTORELEASING = YES;
				CLANG_WARN_BOOL_CONVERSION = YES;
				CLANG_WARN_COMMA = YES;
				CLANG_WARN_CONSTANT_CONVERSION = YES;
				CLANG_WARN_DIRECT_OBJC_ISA_USAGE = YES_ERROR;
				CLANG_WARN_DOCUMENTATION_COMMENTS = YES;
				CLANG_WARN_EMPTY_BODY = YES;
				CLANG_WARN_ENUM_CONVERSION = YES;
				CLANG_WARN_INFINITE_RECURSION = YES;
				CLANG_WARN_INT_CONVERSION = YES;
				CLANG_WARN_NON_LITERAL_NULL_CONVERSION = YES;
				CLANG_WARN_OBJC_LITERAL_CONVERSION = YES;
				CLANG_WARN_OBJC_ROOT_CLASS = YES_ERROR;
				CLANG_WARN_RANGE_LOOP_ANALYSIS = YES;
				CLANG_WARN_STRICT_PROTOTYPES = YES;
				CLANG_WARN_SUSPICIOUS_MOVE = YES;
				CLANG_WARN_UNGUARDED_AVAILABILITY = YES_AGGRESSIVE;
				CLANG_WARN_UNREACHABLE_CODE = YES;
				CLANG_WARN__DUPLICATE_METHOD_MATCH = YES;
				CODE_SIGN_IDENTITY = "iPhone Developer";
				COPY_PHASE_STRIP = NO;
				DEBUG_INFORMATION_FORMAT = "dwarf-with-dsym";
				ENABLE_NS_ASSERTIONS = NO;
				ENABLE_STRICT_OBJC_MSGSEND = YES;
				GCC_C_LANGUAGE_STANDARD = gnu11;
				GCC_NO_COMMON_BLOCKS = YES;
				GCC_WARN_64_TO_32_BIT_CONVERSION = YES;
				GCC_WARN_ABOUT_RETURN_TYPE = YES_ERROR;
				GCC_WARN_UNDECLARED_SELECTOR = YES;
				GCC_WARN_UNINITIALIZED_AUTOS = YES_AGGRESSIVE;
				GCC_WARN_UNUSED_FUNCTION = YES;
				GCC_WARN_UNUSED_VARIABLE = YES;
				IPHONEOS_DEPLOYMENT_TARGET = 11.2;
				MTL_ENABLE_DEBUG_INFO = NO;
				SDKROOT = iphoneos;
				SWIFT_OPTIMIZATION_LEVEL = "-Owholemodule";
				VALIDATE_PRODUCT = YES;
			};
			name = Release;
		};
		AFBDBBBF1FE5028500367797 /* Debug */ = {
			isa = XCBuildConfiguration;
			buildSettings = {
				ASSETCATALOG_COMPILER_APPICON_NAME = AppIcon;
				CODE_SIGN_STYLE = Automatic;
				DEVELOPMENT_TEAM = J3GY5XRDQB;
				INFOPLIST_FILE = CountUp/Info.plist;
				LD_RUNPATH_SEARCH_PATHS = "$(inherited) @executable_path/Frameworks";
				PRODUCT_BUNDLE_IDENTIFIER = com.master.CountUp;
				PRODUCT_NAME = "$(TARGET_NAME)";
				SWIFT_VERSION = 4.0;
				TARGETED_DEVICE_FAMILY = "1,2";
			};
			name = Debug;
		};
		AFBDBBC01FE5028500367797 /* Release */ = {
			isa = XCBuildConfiguration;
			buildSettings = {
				ASSETCATALOG_COMPILER_APPICON_NAME = AppIcon;
				CODE_SIGN_STYLE = Automatic;
				DEVELOPMENT_TEAM = J3GY5XRDQB;
				INFOPLIST_FILE = CountUp/Info.plist;
				LD_RUNPATH_SEARCH_PATHS = "$(inherited) @executable_path/Frameworks";
				PRODUCT_BUNDLE_IDENTIFIER = com.master.CountUp;
				PRODUCT_NAME = "$(TARGET_NAME)";
				SWIFT_VERSION = 4.0;
				TARGETED_DEVICE_FAMILY = "1,2";
			};
			name = Release;
		};
/* End XCBuildConfiguration section */

/* Begin XCConfigurationList section */
		AFBDBBA71FE5028500367797 /* Build configuration list for PBXProject "CountUp" */ = {
			isa = XCConfigurationList;
			buildConfigurations = (
				AFBDBBBC1FE5028500367797 /* Debug */,
				AFBDBBBD1FE5028500367797 /* Release */,
			);
			defaultConfigurationIsVisible = 0;
			defaultConfigurationName = Release;
		};
		AFBDBBBE1FE5028500367797 /* Build configuration list for PBXNativeTarget "CountUp" */ = {
			isa = XCConfigurationList;
			buildConfigurations = (
				AFBDBBBF1FE5028500367797 /* Debug */,
				AFBDBBC01FE5028500367797 /* Release */,
			);
			defaultConfigurationIsVisible = 0;
			defaultConfigurationName = Release;
		};
/* End XCConfigurationList section */
	};
	rootObject = AFBDBBA41FE5028500367797 /* Project object */;
}
